
Microsoft Visual Studio Solution File, Format Version 12.00
Project("{FAE04EC0-301F-11D3-BF4B-00C04F79EFBC}") = "calculator_win", "calculator_win\calculator_win.csproj", "{2E23D8F4-E7B8-45C1-ABAF-F4227FC37630}"
EndProject
Global
	GlobalSection(SolutionConfigurationPlatforms) = preSolution
		Debug|Any CPU = Debug|Any CPU
		Release|Any CPU = Release|Any CPU
	EndGlobalSection
	GlobalSection(ProjectConfigurationPlatforms) = postSolution
		{2E23D8F4-E7B8-45C1-ABAF-F4227FC37630}.Debug|Any CPU.ActiveCfg = Debug|Any CPU
		{2E23D8F4-E7B8-45C1-ABAF-F4227FC37630}.Debug|Any CPU.Build.0 = Debug|Any CPU
		{2E23D8F4-E7B8-45C1-ABAF-F4227FC37630}.Release|Any CPU.ActiveCfg = Release|Any CPU
		{2E23D8F4-E7B8-45C1-ABAF-F4227FC37630}.Release|Any CPU.Build.0 = Release|Any CPU
	EndGlobalSection
EndGlobal
